// !$*UTF8*$!
{
	archiveVersion = 1;
	classes = {
	};
	objectVersion = 77;
	objects = {

/* Begin PBXBuildFile section */
		B5000001000000000000001A /* LocalBeamApp.swift in Sources */ = {isa = PBXBuildFile; fileRef = B5000001000000000000000A /* LocalBeamApp.swift */; };
		B5000001000000000000001B /* Peer.swift in Sources */ = {isa = PBXBuildFile; fileRef = B5000001000000000000000B /* Peer.swift */; };
		B5000001000000000000001C /* TransferInfo.swift in Sources */ = {isa = PBXBuildFile; fileRef = B5000001000000000000000C /* TransferInfo.swift */; };
		B5000001000000000000001D /* BonjourService.swift in Sources */ = {isa = PBXBuildFile; fileRef = B5000001000000000000000D /* BonjourService.swift */; };
		B5000001000000000000001E /* PeerConnection.swift in Sources */ = {isa = PBXBuildFile; fileRef = B5000001000000000000000E /* PeerConnection.swift */; };
		B5000001000000000000001F /* FileTransfer.swift in Sources */ = {isa = PBXBuildFile; fileRef = B5000001000000000000000F /* FileTransfer.swift */; };
		B5000001000000000000002A /* MainView.swift in Sources */ = {isa = PBXBuildFile; fileRef = B500000100000000000000AA /* MainView.swift */; };
		B5000001000000000000002B /* PeerRow.swift in Sources */ = {isa = PBXBuildFile; fileRef = B500000100000000000000AB /* PeerRow.swift */; };
		B5000001000000000000002C /* TransferProgressView.swift in Sources */ = {isa = PBXBuildFile; fileRef = B500000100000000000000AC /* TransferProgressView.swift */; };
/* End PBXBuildFile section */

/* Begin PBXFileReference section */
		B500000100000000000000A0 /* LocalBeam.app */ = {isa = PBXFileReference; explicitFileType = wrapper.application; includeInIndex = 0; path = LocalBeam.app; sourceTree = BUILT_PRODUCTS_DIR; };
		B5000001000000000000000A /* LocalBeamApp.swift */ = {isa = PBXFileReference; lastKnownFileType = sourcecode.swift; path = LocalBeamApp.swift; sourceTree = "<group>"; };
		B5000001000000000000000B /* Peer.swift */ = {isa = PBXFileReference; lastKnownFileType = sourcecode.swift; path = Peer.swift; sourceTree = "<group>"; };
		B5000001000000000000000C /* TransferInfo.swift */ = {isa = PBXFileReference; lastKnownFileType = sourcecode.swift; path = TransferInfo.swift; sourceTree = "<group>"; };
		B5000001000000000000000D /* BonjourService.swift */ = {isa = PBXFileReference; lastKnownFileType = sourcecode.swift; path = BonjourService.swift; sourceTree = "<group>"; };
		B5000001000000000000000E /* PeerConnection.swift */ = {isa = PBXFileReference; lastKnownFileType = sourcecode.swift; path = PeerConnection.swift; sourceTree = "<group>"; };
		B5000001000000000000000F /* FileTransfer.swift */ = {isa = PBXFileReference; lastKnownFileType = sourcecode.swift; path = FileTransfer.swift; sourceTree = "<group>"; };
		B500000100000000000000AA /* MainView.swift */ = {isa = PBXFileReference; lastKnownFileType = sourcecode.swift; path = MainView.swift; sourceTree = "<group>"; };
		B500000100000000000000AB /* PeerRow.swift */ = {isa = PBXFileReference; lastKnownFileType = sourcecode.swift; path = PeerRow.swift; sourceTree = "<group>"; };
		B500000100000000000000AC /* TransferProgressView.swift */ = {isa = PBXFileReference; lastKnownFileType = sourcecode.swift; path = TransferProgressView.swift; sourceTree = "<group>"; };
		B500000100000000000000AD /* Info.plist */ = {isa = PBXFileReference; lastKnownFileType = text.plist.xml; path = Info.plist; sourceTree = "<group>"; };
		B500000100000000000000AE /* LocalBeam.entitlements */ = {isa = PBXFileReference; lastKnownFileType = text.plist.entitlements; path = LocalBeam.entitlements; sourceTree = "<group>"; };
/* End PBXFileReference section */

/* Begin PBXFrameworksBuildPhase section */
		B500000100000000000000B0 /* Frameworks */ = {
			isa = PBXFrameworksBuildPhase;
			buildActionMask = 2147483647;
			files = (
			);
			runOnlyForDeploymentPostprocessing = 0;
		};
/* End PBXFrameworksBuildPhase section */

/* Begin PBXGroup section */
		B500000100000000000000C0 /* LocalBeam */ = {
			isa = PBXGroup;
			children = (
				B5000001000000000000000A /* LocalBeamApp.swift */,
				B500000100000000000000C1 /* Models */,
				B500000100000000000000C2 /* Networking */,
				B500000100000000000000C3 /* Views */,
				B500000100000000000000C4 /* Resources */,
			);
			path = LocalBeam;
			sourceTree = "<group>";
		};
		B500000100000000000000C1 /* Models */ = {
			isa = PBXGroup;
			children = (
				B5000001000000000000000B /* Peer.swift */,
				B5000001000000000000000C /* TransferInfo.swift */,
			);
			path = Models;
			sourceTree = "<group>";
		};
		B500000100000000000000C2 /* Networking */ = {
			isa = PBXGroup;
			children = (
				B5000001000000000000000D /* BonjourService.swift */,
				B5000001000000000000000E /* PeerConnection.swift */,
				B5000001000000000000000F /* FileTransfer.swift */,
			);
			path = Networking;
			sourceTree = "<group>";
		};
		B500000100000000000000C3 /* Views */ = {
			isa = PBXGroup;
			children = (
				B500000100000000000000AA /* MainView.swift */,
				B500000100000000000000AB /* PeerRow.swift */,
				B500000100000000000000AC /* TransferProgressView.swift */,
			);
			path = Views;
			sourceTree = "<group>";
		};
		B500000100000000000000C4 /* Resources */ = {
			isa = PBXGroup;
			children = (
				B500000100000000000000AD /* Info.plist */,
				B500000100000000000000AE /* LocalBeam.entitlements */,
			);
			path = Resources;
			sourceTree = "<group>";
		};
		B500000100000000000000D0 /* Products */ = {
			isa = PBXGroup;
			children = (
				B500000100000000000000A0 /* LocalBeam.app */,
			);
			name = Products;
			sourceTree = "<group>";
		};
		B500000100000000000000E0 /* MainGroup */ = {
			isa = PBXGroup;
			children = (
				B500000100000000000000C0 /* LocalBeam */,
				B500000100000000000000D0 /* Products */,
			);
			sourceTree = "<group>";
		};
/* End PBXGroup section */

/* Begin PBXNativeTarget section */
		B500000100000000000000F0 /* LocalBeam */ = {
			isa = PBXNativeTarget;
			buildConfigurationList = B50000010000000000000100 /* Build configuration list for PBXNativeTarget "LocalBeam" */;
			buildPhases = (
				B500000100000000000000B1 /* Sources */,
				B500000100000000000000B0 /* Frameworks */,
				B500000100000000000000B2 /* Resources */,
			);
			buildRules = (
			);
			dependencies = (
			);
			name = LocalBeam;
			productName = LocalBeam;
			productReference = B500000100000000000000A0 /* LocalBeam.app */;
			productType = "com.apple.product-type.application";
		};
/* End PBXNativeTarget section */

/* Begin PBXProject section */
		B500000100000000000000FF /* Project object */ = {
			isa = PBXProject;
			attributes = {
				BuildIndependentTargetsInParallel = 1;
				LastSwiftUpdateCheck = 1600;
				LastUpgradeCheck = 1600;
				TargetAttributes = {
					B500000100000000000000F0 = {
						CreatedOnToolsVersion = 16.0;
					};
				};
			};
			buildConfigurationList = B50000010000000000000110 /* Build configuration list for PBXProject "LocalBeam" */;
			compatibilityVersion = "Xcode 14.0";
			developmentRegion = en;
			hasScannedForEncodings = 0;
			knownRegions = (
				en,
				Base,
			);
			mainGroup = B500000100000000000000E0 /* MainGroup */;
			productRefGroup = B500000100000000000000D0 /* Products */;
			projectDirPath = "";
			projectRoot = "";
			targets = (
				B500000100000000000000F0 /* LocalBeam */,
			);
		};
/* End PBXProject section */

/* Begin PBXResourcesBuildPhase section */
		B500000100000000000000B2 /* Resources */ = {
			isa = PBXResourcesBuildPhase;
			buildActionMask = 2147483647;
			files = (
			);
			runOnlyForDeploymentPostprocessing = 0;
		};
/* End PBXResourcesBuildPhase section */

/* Begin PBXSourcesBuildPhase section */
		B500000100000000000000B1 /* Sources */ = {
			isa = PBXSourcesBuildPhase;
			buildActionMask = 2147483647;
			files = (
				B5000001000000000000001A /* LocalBeamApp.swift in Sources */,
				B5000001000000000000001B /* Peer.swift in Sources */,
				B5000001000000000000001C /* TransferInfo.swift in Sources */,
				B5000001000000000000001D /* BonjourService.swift in Sources */,
				B5000001000000000000001E /* PeerConnection.swift in Sources */,
				B5000001000000000000001F /* FileTransfer.swift in Sources */,
				B5000001000000000000002A /* MainView.swift in Sources */,
				B5000001000000000000002B /* PeerRow.swift in Sources */,
				B5000001000000000000002C /* TransferProgressView.swift in Sources */,
			);
			runOnlyForDeploymentPostprocessing = 0;
		};
/* End PBXSourcesBuildPhase section */

/* Begin XCBuildConfiguration section */
		B50000010000000000000120 /* Debug */ = {
			isa = XCBuildConfiguration;
			buildSettings = {
				ALWAYS_SEARCH_USER_PATHS = NO;
				ASSETCATALOG_COMPILER_GENERATE_SWIFT_ASSET_SYMBOL_EXTENSIONS = YES;
				CLANG_ANALYZER_NONNULL = YES;
				CLANG_ANALYZER_NUMBER_OBJECT_CONVERSION = YES_AGGRESSIVE;
				CLANG_CXX_LANGUAGE_STANDARD = "gnu++20";
				CLANG_ENABLE_MODULES = YES;
				CLANG_ENABLE_OBJC_ARC = YES;
				CLANG_ENABLE_OBJC_WEAK = YES;
				CLANG_WARN_BLOCK_CAPTURE_AUTORELEASING = YES;
				CLANG_WARN_BOOL_CONVERSION = YES;
				CLANG_WARN_COMMA = YES;
				CLANG_WARN_CONSTANT_CONVERSION = YES;
				CLANG_WARN_DEPRECATED_OBJC_IMPLEMENTATIONS = YES;
				CLANG_WARN_DIRECT_OBJC_ISA_USAGE = YES_ERROR;
				CLANG_WARN_DOCUMENTATION_COMMENTS = YES;
				CLANG_WARN_EMPTY_BODY = YES;
				CLANG_WARN_ENUM_CONVERSION = YES;
				CLANG_WARN_INFINITE_RECURSION = YES;
				CLANG_WARN_INT_CONVERSION = YES;
				CLANG_WARN_NON_LITERAL_NULL_CONVERSION = YES;
				CLANG_WARN_OBJC_IMPLICIT_RETAIN_CYCLE = YES;
				CLANG_WARN_OBJC_LITERAL_CONVERSION = YES;
				CLANG_WARN_OBJC_ROOT_CLASS = YES_ERROR;
				CLANG_WARN_QUOTED_INCLUDE_IN_FRAMEWORK_HEADER = YES;
				CLANG_WARN_RANGE_LOOP_ANALYSIS = YES;
				CLANG_WARN_STRICT_PROTOTYPES = YES;
				CLANG_WARN_SUSPICIOUS_MOVE = YES;
				CLANG_WARN_UNGUARDED_AVAILABILITY = YES_AGGRESSIVE;
				CLANG_WARN_UNREACHABLE_CODE = YES;
				CLANG_WARN__DUPLICATE_METHOD_MATCH = YES;
				COPY_PHASE_STRIP = NO;
				DEBUG_INFORMATION_FORMAT = dwarf;
				ENABLE_STRICT_OBJC_MSGSEND = YES;
				ENABLE_TESTABILITY = YES;
				ENABLE_USER_SCRIPT_SANDBOXING = YES;
				GCC_C_LANGUAGE_STANDARD = gnu17;
				GCC_DYNAMIC_NO_PIC = NO;
				GCC_NO_COMMON_BLOCKS = YES;
				GCC_OPTIMIZATION_LEVEL = 0;
				GCC_PREPROCESSOR_DEFINITIONS = (
					"DEBUG=1",
					"$(inherited)",
				);
				GCC_WARN_64_TO_32_BIT_CONVERSION = YES;
				GCC_WARN_ABOUT_RETURN_TYPE = YES_ERROR;
				GCC_WARN_UNDECLARED_SELECTOR = YES;
				GCC_WARN_UNINITIALIZED_AUTOS = YES_AGGRESSIVE;
				GCC_WARN_UNUSED_FUNCTION = YES;
				GCC_WARN_UNUSED_VARIABLE = YES;
				LOCALIZATION_PREFERS_STRING_CATALOGS = YES;
				MACOSX_DEPLOYMENT_TARGET = 13.0;
				MTL_ENABLE_DEBUG_INFO = INCLUDE_SOURCE;
				MTL_FAST_MATH = YES;
				ONLY_ACTIVE_ARCH = YES;
				SDKROOT = macosx;
				SWIFT_ACTIVE_COMPILATION_CONDITIONS = "DEBUG $(inherited)";
				SWIFT_OPTIMIZATION_LEVEL = "-Onone";
			};
			name = Debug;
		};
		B50000010000000000000121 /* Release */ = {
			isa = XCBuildConfiguration;
			buildSettings = {
				ALWAYS_SEARCH_USER_PATHS = NO;
				ASSETCATALOG_COMPILER_GENERATE_SWIFT_ASSET_SYMBOL_EXTENSIONS = YES;
				CLANG_ANALYZER_NONNULL = YES;
				CLANG_ANALYZER_NUMBER_OBJECT_CONVERSION = YES_AGGRESSIVE;
				CLANG_CXX_LANGUAGE_STANDARD = "gnu++20";
				CLANG_ENABLE_MODULES = YES;
				CLANG_ENABLE_OBJC_ARC = YES;
				CLANG_ENABLE_OBJC_WEAK = YES;
				CLANG_WARN_BLOCK_CAPTURE_AUTORELEASING = YES;
				CLANG_WARN_BOOL_CONVERSION = YES;
				CLANG_WARN_COMMA = YES;
				CLANG_WARN_CONSTANT_CONVERSION = YES;
				CLANG_WARN_DEPRECATED_OBJC_IMPLEMENTATIONS = YES;
				CLANG_WARN_DIRECT_OBJC_ISA_USAGE = YES_ERROR;
				CLANG_WARN_DOCUMENTATION_COMMENTS = YES;
				CLANG_WARN_EMPTY_BODY = YES;
				CLANG_WARN_ENUM_CONVERSION = YES;
				CLANG_WARN_INFINITE_RECURSION = YES;
				CLANG_WARN_INT_CONVERSION = YES;
				CLANG_WARN_NON_LITERAL_NULL_CONVERSION = YES;
				CLANG_WARN_OBJC_IMPLICIT_RETAIN_CYCLE = YES;
				CLANG_WARN_OBJC_LITERAL_CONVERSION = YES;
				CLANG_WARN_OBJC_ROOT_CLASS = YES_ERROR;
				CLANG_WARN_QUOTED_INCLUDE_IN_FRAMEWORK_HEADER = YES;
				CLANG_WARN_RANGE_LOOP_ANALYSIS = YES;
				CLANG_WARN_STRICT_PROTOTYPES = YES;
				CLANG_WARN_SUSPICIOUS_MOVE = YES;
				CLANG_WARN_UNGUARDED_AVAILABILITY = YES_AGGRESSIVE;
				CLANG_WARN_UNREACHABLE_CODE = YES;
				CLANG_WARN__DUPLICATE_METHOD_MATCH = YES;
				COPY_PHASE_STRIP = NO;
				DEBUG_INFORMATION_FORMAT = "dwarf-with-dsym";
				ENABLE_NS_ASSERTIONS = NO;
				ENABLE_STRICT_OBJC_MSGSEND = YES;
				ENABLE_USER_SCRIPT_SANDBOXING = YES;
				GCC_C_LANGUAGE_STANDARD = gnu17;
				GCC_NO_COMMON_BLOCKS = YES;
				GCC_WARN_64_TO_32_BIT_CONVERSION = YES;
				GCC_WARN_ABOUT_RETURN_TYPE = YES_ERROR;
				GCC_WARN_UNDECLARED_SELECTOR = YES;
				GCC_WARN_UNINITIALIZED_AUTOS = YES_AGGRESSIVE;
				GCC_WARN_UNUSED_FUNCTION = YES;
				GCC_WARN_UNUSED_VARIABLE = YES;
				LOCALIZATION_PREFERS_STRING_CATALOGS = YES;
				MACOSX_DEPLOYMENT_TARGET = 13.0;
				MTL_FAST_MATH = YES;
				SDKROOT = macosx;
				SWIFT_COMPILATION_MODE = wholemodule;
			};
			name = Release;
		};
		B50000010000000000000122 /* Debug */ = {
			isa = XCBuildConfiguration;
			buildSettings = {
				ASSETCATALOG_COMPILER_APPICON_NAME = AppIcon;
				ASSETCATALOG_COMPILER_GLOBAL_ACCENT_COLOR_NAME = AccentColor;
				CODE_SIGN_ENTITLEMENTS = LocalBeam/Resources/LocalBeam.entitlements;
				CODE_SIGN_STYLE = Automatic;
				COMBINE_HIDPI_IMAGES = YES;
				CURRENT_PROJECT_VERSION = 1;
				GENERATE_INFOPLIST_FILE = NO;
				INFOPLIST_FILE = LocalBeam/Resources/Info.plist;
				LD_RUNPATH_SEARCH_PATHS = (
					"$(inherited)",
					"@executable_path/../Frameworks",
				);
				MACOSX_DEPLOYMENT_TARGET = 13.0;
				MARKETING_VERSION = 1.0;
				PRODUCT_BUNDLE_IDENTIFIER = com.localbeam.app;
				PRODUCT_NAME = "$(TARGET_NAME)";
				SDKROOT = macosx;
				SWIFT_EMIT_LOC_STRINGS = YES;
				SWIFT_VERSION = 5.0;
			};
			name = Debug;
		};
		B50000010000000000000123 /* Release */ = {
			isa = XCBuildConfiguration;
			buildSettings = {
				ASSETCATALOG_COMPILER_APPICON_NAME = AppIcon;
				ASSETCATALOG_COMPILER_GLOBAL_ACCENT_COLOR_NAME = AccentColor;
				CODE_SIGN_ENTITLEMENTS = LocalBeam/Resources/LocalBeam.entitlements;
				CODE_SIGN_STYLE = Automatic;
				COMBINE_HIDPI_IMAGES = YES;
				CURRENT_PROJECT_VERSION = 1;
				GENERATE_INFOPLIST_FILE = NO;
				INFOPLIST_FILE = LocalBeam/Resources/Info.plist;
				LD_RUNPATH_SEARCH_PATHS = (
					"$(inherited)",
					"@executable_path/../Frameworks",
				);
				MACOSX_DEPLOYMENT_TARGET = 13.0;
				MARKETING_VERSION = 1.0;
				PRODUCT_BUNDLE_IDENTIFIER = com.localbeam.app;
				PRODUCT_NAME = "$(TARGET_NAME)";
				SDKROOT = macosx;
				SWIFT_EMIT_LOC_STRINGS = YES;
				SWIFT_VERSION = 5.0;
			};
			name = Release;
		};
/* End XCBuildConfiguration section */

/* Begin XCConfigurationList section */
		B50000010000000000000100 /* Build configuration list for PBXNativeTarget "LocalBeam" */ = {
			isa = XCConfigurationList;
			buildConfigurations = (
				B50000010000000000000122 /* Debug */,
				B50000010000000000000123 /* Release */,
			);
			defaultConfigurationIsVisible = 0;
			defaultConfigurationName = Release;
		};
		B50000010000000000000110 /* Build configuration list for PBXProject "LocalBeam" */ = {
			isa = XCConfigurationList;
			buildConfigurations = (
				B50000010000000000000120 /* Debug */,
				B50000010000000000000121 /* Release */,
			);
			defaultConfigurationIsVisible = 0;
			defaultConfigurationName = Release;
		};
/* End XCConfigurationList section */

	};
	rootObject = B500000100000000000000FF /* Project object */;
}
